{
  "name": "well-token",
  "lockfileVersion": 2,
  "requires": true,
  "packages": {
    "": {
      "dependencies": {
        "@openzeppelin/contracts": "^4.1.0",
        "openzeppelin-2.5": "npm:@openzeppelin/contracts@v2.5"
      }
    },
    "node_modules/@openzeppelin/contracts": {
      "version": "4.1.0",
      "resolved": "https://registry.npmjs.org/@openzeppelin/contracts/-/contracts-4.1.0.tgz",
      "integrity": "sha512-TihZitscnaHNcZgXGj9zDLDyCqjziytB4tMCwXq0XimfWkAjBYyk5/pOsDbbwcavhlc79HhpTEpQcrMnPVa1mw=="
    },
    "node_modules/openzeppelin-2.5": {
      "name": "@openzeppelin/contracts",
      "version": "2.5.1",
      "resolved": "https://registry.npmjs.org/@openzeppelin/contracts/-/contracts-2.5.1.tgz",
      "integrity": "sha512-qIy6tLx8rtybEsIOAlrM4J/85s2q2nPkDqj/Rx46VakBZ0LwtFhXIVub96LXHczQX0vaqmAueDqNPXtbSXSaYQ=="
    }
  },
  "dependencies": {
    "@openzeppelin/contracts": {
      "version": "4.1.0",
      "resolved": "https://registry.npmjs.org/@openzeppelin/contracts/-/contracts-4.1.0.tgz",
      "integrity": "sha512-TihZitscnaHNcZgXGj9zDLDyCqjziytB4tMCwXq0XimfWkAjBYyk5/pOsDbbwcavhlc79HhpTEpQcrMnPVa1mw=="
    },
    "openzeppelin-2.5": {
      "version": "npm:@openzeppelin/contracts@2.5.1",
      "resolved": "https://registry.npmjs.org/@openzeppelin/contracts/-/contracts-2.5.1.tgz",
      "integrity": "sha512-qIy6tLx8rtybEsIOAlrM4J/85s2q2nPkDqj/Rx46VakBZ0LwtFhXIVub96LXHczQX0vaqmAueDqNPXtbSXSaYQ=="
    }
  }
}
